
Microsoft Visual Studio Solution File, Format Version 12.00
# Visual Studio Version 16
VisualStudioVersion = 25.0.1700.0
MinimumVisualStudioVersion = 10.0.40219.1
Project("{FAE04EC0-301F-11D3-BF4B-00C04F79EFBC}") = "Factory_Method", "FactoryMethod\Factory_Method.csproj", "{D4FE4E19-42E5-4EA0-A431-7AEEC8435B41}"
EndProject
Global
	GlobalSection(SolutionConfigurationPlatforms) = preSolution
		Debug|Any CPU = Debug|Any CPU
		Release|Any CPU = Release|Any CPU
	EndGlobalSection
	GlobalSection(ProjectConfigurationPlatforms) = postSolution
		{D4FE4E19-42E5-4EA0-A431-7AEEC8435B41}.Debug|Any CPU.ActiveCfg = Debug|Any CPU
		{D4FE4E19-42E5-4EA0-A431-7AEEC8435B41}.Debug|Any CPU.Build.0 = Debug|Any CPU
		{D4FE4E19-42E5-4EA0-A431-7AEEC8435B41}.Release|Any CPU.ActiveCfg = Release|Any CPU
		{D4FE4E19-42E5-4EA0-A431-7AEEC8435B41}.Release|Any CPU.Build.0 = Release|Any CPU
	EndGlobalSection
	GlobalSection(SolutionProperties) = preSolution
		HideSolutionNode = FALSE
	EndGlobalSection
	GlobalSection(ExtensibilityGlobals) = postSolution
		SolutionGuid = {E995709C-7BA8-481F-AE90-00D8081458FA}
	EndGlobalSection
EndGlobal
